
Microsoft Visual Studio Solution File, Format Version 12.00
# Visual Studio Version 16
VisualStudioVersion = 16.0.29009.5
MinimumVisualStudioVersion = 10.0.40219.1
Project("{FAE04EC0-301F-11D3-BF4B-00C04F79EFBC}") = "ComicBookGallery", "ComicBookGallery\ComicBookGallery.csproj", "{639A7E78-DDC3-4E2A-8491-868993E6592B}"
EndProject
Global
	GlobalSection(SolutionConfigurationPlatforms) = preSolution
		Debug|Any CPU = Debug|Any CPU
		Release|Any CPU = Release|Any CPU
	EndGlobalSection
	GlobalSection(ProjectConfigurationPlatforms) = postSolution
		{639A7E78-DDC3-4E2A-8491-868993E6592B}.Debug|Any CPU.ActiveCfg = Debug|Any CPU
		{639A7E78-DDC3-4E2A-8491-868993E6592B}.Debug|Any CPU.Build.0 = Debug|Any CPU
		{639A7E78-DDC3-4E2A-8491-868993E6592B}.Release|Any CPU.ActiveCfg = Release|Any CPU
		{639A7E78-DDC3-4E2A-8491-868993E6592B}.Release|Any CPU.Build.0 = Release|Any CPU
	EndGlobalSection
	GlobalSection(SolutionProperties) = preSolution
		HideSolutionNode = FALSE
	EndGlobalSection
	GlobalSection(ExtensibilityGlobals) = postSolution
		SolutionGuid = {79FFD149-10BB-4045-8103-BD26957025DA}
	EndGlobalSection
EndGlobal
